// !$*UTF8*$!
{
	archiveVersion = 1;
	classes = {
	};
	objectVersion = 46;
	objects = {

/* Begin PBXBuildFile section */
		011D9BC6175DFE8400CFD21F /* Shaders.cpp in Sources */ = {isa = PBXBuildFile; fileRef = 011D9BC4175DFE8400CFD21F /* Shaders.cpp */; };
		012E6ED717426BA60098F2FF /* CoreDataModule.mm in Sources */ = {isa = PBXBuildFile; fileRef = 012E6ECB17426BA60098F2FF /* CoreDataModule.mm */; };
		012E6ED817426BA60098F2FF /* CoreLocationModule.mm in Sources */ = {isa = PBXBuildFile; fileRef = 012E6ECE17426BA60098F2FF /* CoreLocationModule.mm */; };
		012E6ED917426BA60098F2FF /* CoreMotionModule.mm in Sources */ = {isa = PBXBuildFile; fileRef = 012E6ED117426BA60098F2FF /* CoreMotionModule.mm */; };
		012E6EDA17426BA60098F2FF /* FPS.cpp in Sources */ = {isa = PBXBuildFile; fileRef = 012E6ED317426BA60098F2FF /* FPS.cpp */; };
		012E6EDB17426BA60098F2FF /* Utilities.mm in Sources */ = {isa = PBXBuildFile; fileRef = 012E6ED617426BA60098F2FF /* Utilities.mm */; };
		012E6EE917426C710098F2FF /* Action.mm in Sources */ = {isa = PBXBuildFile; fileRef = 012E6EDE17426C710098F2FF /* Action.mm */; };
		012E6EEA17426C710098F2FF /* Activity.mm in Sources */ = {isa = PBXBuildFile; fileRef = 012E6EE017426C710098F2FF /* Activity.mm */; };
		012E6EEB17426C710098F2FF /* Location.mm in Sources */ = {isa = PBXBuildFile; fileRef = 012E6EE217426C710098F2FF /* Location.mm */; };
		012E6EEC17426C710098F2FF /* RoadSign.mm in Sources */ = {isa = PBXBuildFile; fileRef = 012E6EE417426C710098F2FF /* RoadSign.mm */; };
		012E6EF017426C820098F2FF /* RoadSignsCD.storedata in Resources */ = {isa = PBXBuildFile; fileRef = 012E6EEF17426C820098F2FF /* RoadSignsCD.storedata */; };
		015049661760A30E00D25A6A /* SimulatedLocations.GPX in Resources */ = {isa = PBXBuildFile; fileRef = 015049651760A30E00D25A6A /* SimulatedLocations.GPX */; };
		015BBE36174BDB76007D9F33 /* Grid.mm in Sources */ = {isa = PBXBuildFile; fileRef = 015BBE35174BDB76007D9F33 /* Grid.mm */; };
		01612E8D172EB89E0037F3F0 /* opencv2.framework in Frameworks */ = {isa = PBXBuildFile; fileRef = 01612E8C172EB89E0037F3F0 /* opencv2.framework */; };
		0164110A174BD4F00069DDD8 /* Cell.mm in Sources */ = {isa = PBXBuildFile; fileRef = 01641109174BD4F00069DDD8 /* Cell.mm */; };
		016FC99C1758BD31000508AB /* RoadSignsCD.xcdatamodeld in Sources */ = {isa = PBXBuildFile; fileRef = 016FC9971758BD31000508AB /* RoadSignsCD.xcdatamodeld */; };
		016FC9A71758BDAA000508AB /* Give way.png in Resources */ = {isa = PBXBuildFile; fileRef = 016FC99E1758BDAA000508AB /* Give way.png */; };
		016FC9A81758BDAA000508AB /* No entry.png in Resources */ = {isa = PBXBuildFile; fileRef = 016FC99F1758BDAA000508AB /* No entry.png */; };
		016FC9A91758BDAA000508AB /* Parking allowed.png in Resources */ = {isa = PBXBuildFile; fileRef = 016FC9A01758BDAA000508AB /* Parking allowed.png */; };
		016FC9AA1758BDAA000508AB /* Pedestrian crossing.png in Resources */ = {isa = PBXBuildFile; fileRef = 016FC9A11758BDAA000508AB /* Pedestrian crossing.png */; };
		016FC9AB1758BDAA000508AB /* Roundabout.png in Resources */ = {isa = PBXBuildFile; fileRef = 016FC9A21758BDAA000508AB /* Roundabout.png */; };
		016FC9AE1758BDAA000508AB /* Turn right or left.png in Resources */ = {isa = PBXBuildFile; fileRef = 016FC9A51758BDAA000508AB /* Turn right or left.png */; };
		016FC9AF1758BDAA000508AB /* Turn right.png in Resources */ = {isa = PBXBuildFile; fileRef = 016FC9A61758BDAA000508AB /* Turn right.png */; };
		019D0155172FFCB000C81701 /* ImageIO.framework in Frameworks */ = {isa = PBXBuildFile; fileRef = 019D0154172FFCB000C81701 /* ImageIO.framework */; };
		01A003DE1740F48B00E238A7 /* CoreData.framework in Frameworks */ = {isa = PBXBuildFile; fileRef = 01A003DD1740F48B00E238A7 /* CoreData.framework */; };
		01A003FA1740FA2300E238A7 /* CoreLocation.framework in Frameworks */ = {isa = PBXBuildFile; fileRef = 01A003F91740FA2300E238A7 /* CoreLocation.framework */; };
		01A004021740FD2300E238A7 /* CoreMotion.framework in Frameworks */ = {isa = PBXBuildFile; fileRef = 01A004011740FD2300E238A7 /* CoreMotion.framework */; };
		01A00408174127CB00E238A7 /* PlaceOfInterest.mm in Sources */ = {isa = PBXBuildFile; fileRef = 01A00406174127CB00E238A7 /* PlaceOfInterest.mm */; };
		01A0040B17412E6900E238A7 /* MyCamera.mm in Sources */ = {isa = PBXBuildFile; fileRef = 01A0040A17412E6900E238A7 /* MyCamera.mm */; };
		01BB9BB11742983B00546196 /* OpenGLES.framework in Frameworks */ = {isa = PBXBuildFile; fileRef = 01BB9BB01742983B00546196 /* OpenGLES.framework */; };
		01BB9BB31742984E00546196 /* GLKit.framework in Frameworks */ = {isa = PBXBuildFile; fileRef = 01BB9BB21742984E00546196 /* GLKit.framework */; };
		01BB9BB417429C4100546196 /* YUVShader.fsh in Resources */ = {isa = PBXBuildFile; fileRef = 01BB9BA91742936A00546196 /* YUVShader.fsh */; };
		01BB9BB517429C4100546196 /* YUVShader.vsh in Resources */ = {isa = PBXBuildFile; fileRef = 01BB9BAA1742936A00546196 /* YUVShader.vsh */; };
		E004B740171E06BA00B86D98 /* Accelerate.framework in Frameworks */ = {isa = PBXBuildFile; fileRef = E004B73F171E06BA00B86D98 /* Accelerate.framework */; };
		E004B742171E06C200B86D98 /* AssetsLibrary.framework in Frameworks */ = {isa = PBXBuildFile; fileRef = E004B741171E06C200B86D98 /* AssetsLibrary.framework */; };
		E004B744171E06CA00B86D98 /* AVFoundation.framework in Frameworks */ = {isa = PBXBuildFile; fileRef = E004B743171E06CA00B86D98 /* AVFoundation.framework */; };
		E004B746171E06DD00B86D98 /* CoreImage.framework in Frameworks */ = {isa = PBXBuildFile; fileRef = E004B745171E06DD00B86D98 /* CoreImage.framework */; };
		E004B748171E06E700B86D98 /* CoreMedia.framework in Frameworks */ = {isa = PBXBuildFile; fileRef = E004B747171E06E600B86D98 /* CoreMedia.framework */; };
		E004B74A171E06F500B86D98 /* CoreVideo.framework in Frameworks */ = {isa = PBXBuildFile; fileRef = E004B749171E06F500B86D98 /* CoreVideo.framework */; };
		E004B74C171E070500B86D98 /* QuartzCore.framework in Frameworks */ = {isa = PBXBuildFile; fileRef = E004B74B171E070500B86D98 /* QuartzCore.framework */; };
		E004B753171EDFD400B86D98 /* Shapes.cpp in Sources */ = {isa = PBXBuildFile; fileRef = E004B752171EDFD400B86D98 /* Shapes.cpp */; };
		E004B756171EE0BB00B86D98 /* ShapeFinder.cpp in Sources */ = {isa = PBXBuildFile; fileRef = E004B755171EE0BB00B86D98 /* ShapeFinder.cpp */; };
		E014524D171DB5E300B94A9A /* UIKit.framework in Frameworks */ = {isa = PBXBuildFile; fileRef = E014524C171DB5E200B94A9A /* UIKit.framework */; };
		E014524F171DB5E300B94A9A /* Foundation.framework in Frameworks */ = {isa = PBXBuildFile; fileRef = E014524E171DB5E300B94A9A /* Foundation.framework */; };
		E0145251171DB5E300B94A9A /* CoreGraphics.framework in Frameworks */ = {isa = PBXBuildFile; fileRef = E0145250171DB5E300B94A9A /* CoreGraphics.framework */; };
		E0145257171DB5E300B94A9A /* InfoPlist.strings in Resources */ = {isa = PBXBuildFile; fileRef = E0145255171DB5E300B94A9A /* InfoPlist.strings */; };
		E0145259171DB5E300B94A9A /* main.m in Sources */ = {isa = PBXBuildFile; fileRef = E0145258171DB5E300B94A9A /* main.m */; };
		E014525D171DB5E300B94A9A /* AppDelegate.mm in Sources */ = {isa = PBXBuildFile; fileRef = E014525C171DB5E300B94A9A /* AppDelegate.mm */; };
		E014525F171DB5E300B94A9A /* Default.png in Resources */ = {isa = PBXBuildFile; fileRef = E014525E171DB5E300B94A9A /* Default.png */; };
		E0145261171DB5E300B94A9A /* Default@2x.png in Resources */ = {isa = PBXBuildFile; fileRef = E0145260171DB5E300B94A9A /* Default@2x.png */; };
		E0145263171DB5E300B94A9A /* Default-568h@2x.png in Resources */ = {isa = PBXBuildFile; fileRef = E0145262171DB5E300B94A9A /* Default-568h@2x.png */; };
		E0145266171DB5E300B94A9A /* MainStoryboard_iPhone.storyboard in Resources */ = {isa = PBXBuildFile; fileRef = E0145264171DB5E300B94A9A /* MainStoryboard_iPhone.storyboard */; };
		E0145269171DB5E300B94A9A /* MainStoryboard_iPad.storyboard in Resources */ = {isa = PBXBuildFile; fileRef = E0145267171DB5E300B94A9A /* MainStoryboard_iPad.storyboard */; };
		E014526C171DB5E300B94A9A /* ViewController.mm in Sources */ = {isa = PBXBuildFile; fileRef = E014526B171DB5E300B94A9A /* ViewController.mm */; };
/* End PBXBuildFile section */

/* Begin PBXFileReference section */
		010EBBDB17427A3100F8BE97 /* Readme.rtf */ = {isa = PBXFileReference; fileEncoding = 4; lastKnownFileType = text.rtf; path = Readme.rtf; sourceTree = "<group>"; };
		011D9BC4175DFE8400CFD21F /* Shaders.cpp */ = {isa = PBXFileReference; fileEncoding = 4; lastKnownFileType = sourcecode.cpp.cpp; path = Shaders.cpp; sourceTree = "<group>"; };
		011D9BC5175DFE8400CFD21F /* Shaders.h */ = {isa = PBXFileReference; fileEncoding = 4; lastKnownFileType = sourcecode.c.h; path = Shaders.h; sourceTree = "<group>"; };
		012E6ECA17426BA60098F2FF /* CoreDataModule.h */ = {isa = PBXFileReference; fileEncoding = 4; lastKnownFileType = sourcecode.c.h; path = CoreDataModule.h; sourceTree = "<group>"; };
		012E6ECB17426BA60098F2FF /* CoreDataModule.mm */ = {isa = PBXFileReference; fileEncoding = 4; lastKnownFileType = sourcecode.cpp.objcpp; path = CoreDataModule.mm; sourceTree = "<group>"; };
		012E6ECD17426BA60098F2FF /* CoreLocationModule.h */ = {isa = PBXFileReference; fileEncoding = 4; lastKnownFileType = sourcecode.c.h; path = CoreLocationModule.h; sourceTree = "<group>"; };
		012E6ECE17426BA60098F2FF /* CoreLocationModule.mm */ = {isa = PBXFileReference; fileEncoding = 4; lastKnownFileType = sourcecode.cpp.objcpp; path = CoreLocationModule.mm; sourceTree = "<group>"; };
		012E6ED017426BA60098F2FF /* CoreMotionModule.h */ = {isa = PBXFileReference; fileEncoding = 4; lastKnownFileType = sourcecode.c.h; path = CoreMotionModule.h; sourceTree = "<group>"; };
		012E6ED117426BA60098F2FF /* CoreMotionModule.mm */ = {isa = PBXFileReference; fileEncoding = 4; lastKnownFileType = sourcecode.cpp.objcpp; path = CoreMotionModule.mm; sourceTree = "<group>"; };
		012E6ED317426BA60098F2FF /* FPS.cpp */ = {isa = PBXFileReference; fileEncoding = 4; lastKnownFileType = sourcecode.cpp.cpp; path = FPS.cpp; sourceTree = "<group>"; };
		012E6ED417426BA60098F2FF /* FPS.h */ = {isa = PBXFileReference; fileEncoding = 4; lastKnownFileType = sourcecode.c.h; path = FPS.h; sourceTree = "<group>"; };
		012E6ED517426BA60098F2FF /* Utilities.h */ = {isa = PBXFileReference; fileEncoding = 4; lastKnownFileType = sourcecode.c.h; path = Utilities.h; sourceTree = "<group>"; };
		012E6ED617426BA60098F2FF /* Utilities.mm */ = {isa = PBXFileReference; fileEncoding = 4; lastKnownFileType = sourcecode.cpp.objcpp; path = Utilities.mm; sourceTree = "<group>"; };
		012E6EDD17426C710098F2FF /* Action.h */ = {isa = PBXFileReference; fileEncoding = 4; lastKnownFileType = sourcecode.c.h; path = Action.h; sourceTree = "<group>"; };
		012E6EDE17426C710098F2FF /* Action.mm */ = {isa = PBXFileReference; fileEncoding = 4; lastKnownFileType = sourcecode.cpp.objcpp; path = Action.mm; sourceTree = "<group>"; };
		012E6EDF17426C710098F2FF /* Activity.h */ = {isa = PBXFileReference; fileEncoding = 4; lastKnownFileType = sourcecode.c.h; path = Activity.h; sourceTree = "<group>"; };
		012E6EE017426C710098F2FF /* Activity.mm */ = {isa = PBXFileReference; fileEncoding = 4; lastKnownFileType = sourcecode.cpp.objcpp; path = Activity.mm; sourceTree = "<group>"; };
		012E6EE117426C710098F2FF /* Location.h */ = {isa = PBXFileReference; fileEncoding = 4; lastKnownFileType = sourcecode.c.h; path = Location.h; sourceTree = "<group>"; };
		012E6EE217426C710098F2FF /* Location.mm */ = {isa = PBXFileReference; fileEncoding = 4; lastKnownFileType = sourcecode.cpp.objcpp; path = Location.mm; sourceTree = "<group>"; };
		012E6EE317426C710098F2FF /* RoadSign.h */ = {isa = PBXFileReference; fileEncoding = 4; lastKnownFileType = sourcecode.c.h; path = RoadSign.h; sourceTree = "<group>"; };
		012E6EE417426C710098F2FF /* RoadSign.mm */ = {isa = PBXFileReference; fileEncoding = 4; lastKnownFileType = sourcecode.cpp.objcpp; path = RoadSign.mm; sourceTree = "<group>"; };
		012E6EEF17426C820098F2FF /* RoadSignsCD.storedata */ = {isa = PBXFileReference; lastKnownFileType = file; name = RoadSignsCD.storedata; path = "../../../Library/Application Support/David.RoadSignsCD/RoadSignsCD.storedata"; sourceTree = "<group>"; };
		012E6EF1174274600098F2FF /* TODO.rtf */ = {isa = PBXFileReference; fileEncoding = 4; lastKnownFileType = text.rtf; path = TODO.rtf; sourceTree = SOURCE_ROOT; };
		015049651760A30E00D25A6A /* SimulatedLocations.GPX */ = {isa = PBXFileReference; fileEncoding = 4; lastKnownFileType = text.xml; path = SimulatedLocations.GPX; sourceTree = "<group>"; };
		015BBE34174BDB76007D9F33 /* Grid.h */ = {isa = PBXFileReference; fileEncoding = 4; lastKnownFileType = sourcecode.c.h; path = Grid.h; sourceTree = "<group>"; };
		015BBE35174BDB76007D9F33 /* Grid.mm */ = {isa = PBXFileReference; fileEncoding = 4; lastKnownFileType = sourcecode.cpp.objcpp; path = Grid.mm; sourceTree = "<group>"; };
		01612E8C172EB89E0037F3F0 /* opencv2.framework */ = {isa = PBXFileReference; lastKnownFileType = wrapper.framework; name = opencv2.framework; path = ../OpenCV/opencv2.framework; sourceTree = "<group>"; };
		01641108174BD4F00069DDD8 /* Cell.h */ = {isa = PBXFileReference; fileEncoding = 4; lastKnownFileType = sourcecode.c.h; path = Cell.h; sourceTree = "<group>"; };
		01641109174BD4F00069DDD8 /* Cell.mm */ = {isa = PBXFileReference; fileEncoding = 4; lastKnownFileType = sourcecode.cpp.objcpp; path = Cell.mm; sourceTree = "<group>"; };
		016FC9981758BD31000508AB /* RoadSignsCD 2.xcdatamodel */ = {isa = PBXFileReference; lastKnownFileType = wrapper.xcdatamodel; path = "RoadSignsCD 2.xcdatamodel"; sourceTree = "<group>"; };
		016FC9991758BD31000508AB /* RoadSignsCD 3.xcdatamodel */ = {isa = PBXFileReference; lastKnownFileType = wrapper.xcdatamodel; path = "RoadSignsCD 3.xcdatamodel"; sourceTree = "<group>"; };
		016FC99A1758BD31000508AB /* RoadSignsCD 4.xcdatamodel */ = {isa = PBXFileReference; lastKnownFileType = wrapper.xcdatamodel; path = "RoadSignsCD 4.xcdatamodel"; sourceTree = "<group>"; };
		016FC99B1758BD31000508AB /* RoadSignsCD.xcdatamodel */ = {isa = PBXFileReference; lastKnownFileType = wrapper.xcdatamodel; path = RoadSignsCD.xcdatamodel; sourceTree = "<group>"; };
		016FC99E1758BDAA000508AB /* Give way.png */ = {isa = PBXFileReference; lastKnownFileType = image.png; path = "Give way.png"; sourceTree = "<group>"; };
		016FC99F1758BDAA000508AB /* No entry.png */ = {isa = PBXFileReference; lastKnownFileType = image.png; path = "No entry.png"; sourceTree = "<group>"; };
		016FC9A01758BDAA000508AB /* Parking allowed.png */ = {isa = PBXFileReference; lastKnownFileType = image.png; path = "Parking allowed.png"; sourceTree = "<group>"; };
		016FC9A11758BDAA000508AB /* Pedestrian crossing.png */ = {isa = PBXFileReference; lastKnownFileType = image.png; path = "Pedestrian crossing.png"; sourceTree = "<group>"; };
		016FC9A21758BDAA000508AB /* Roundabout.png */ = {isa = PBXFileReference; lastKnownFileType = image.png; path = Roundabout.png; sourceTree = "<group>"; };
		016FC9A31758BDAA000508AB /* Selected Data from Oregon 300 (GARMIN).GPX */ = {isa = PBXFileReference; fileEncoding = 4; lastKnownFileType = text.xml; path = "Selected Data from Oregon 300 (GARMIN).GPX"; sourceTree = "<group>"; };
		016FC9A41758BDAA000508AB /* Signs Collected.rtfd */ = {isa = PBXFileReference; lastKnownFileType = wrapper.rtfd; path = "Signs Collected.rtfd"; sourceTree = "<group>"; };
		016FC9A51758BDAA000508AB /* Turn right or left.png */ = {isa = PBXFileReference; lastKnownFileType = image.png; path = "Turn right or left.png"; sourceTree = "<group>"; };
		016FC9A61758BDAA000508AB /* Turn right.png */ = {isa = PBXFileReference; lastKnownFileType = image.png; path = "Turn right.png"; sourceTree = "<group>"; };
		019D0154172FFCB000C81701 /* ImageIO.framework */ = {isa = PBXFileReference; lastKnownFileType = wrapper.framework; name = ImageIO.framework; path = System/Library/Frameworks/ImageIO.framework; sourceTree = SDKROOT; };
		01A003DD1740F48B00E238A7 /* CoreData.framework */ = {isa = PBXFileReference; lastKnownFileType = wrapper.framework; name = CoreData.framework; path = System/Library/Frameworks/CoreData.framework; sourceTree = SDKROOT; };
		01A003F91740FA2300E238A7 /* CoreLocation.framework */ = {isa = PBXFileReference; lastKnownFileType = wrapper.framework; name = CoreLocation.framework; path = System/Library/Frameworks/CoreLocation.framework; sourceTree = SDKROOT; };
		01A004011740FD2300E238A7 /* CoreMotion.framework */ = {isa = PBXFileReference; lastKnownFileType = wrapper.framework; name = CoreMotion.framework; path = System/Library/Frameworks/CoreMotion.framework; sourceTree = SDKROOT; };
		01A00405174127CB00E238A7 /* PlaceOfInterest.h */ = {isa = PBXFileReference; fileEncoding = 4; lastKnownFileType = sourcecode.c.h; path = PlaceOfInterest.h; sourceTree = "<group>"; };
		01A00406174127CB00E238A7 /* PlaceOfInterest.mm */ = {isa = PBXFileReference; fileEncoding = 4; lastKnownFileType = sourcecode.cpp.objcpp; path = PlaceOfInterest.mm; sourceTree = "<group>"; };
		01A0040917412E6900E238A7 /* MyCamera.h */ = {isa = PBXFileReference; fileEncoding = 4; lastKnownFileType = sourcecode.c.h; path = MyCamera.h; sourceTree = "<group>"; };
		01A0040A17412E6900E238A7 /* MyCamera.mm */ = {isa = PBXFileReference; fileEncoding = 4; lastKnownFileType = sourcecode.cpp.objcpp; path = MyCamera.mm; sourceTree = "<group>"; };
		01BB9BA91742936A00546196 /* YUVShader.fsh */ = {isa = PBXFileReference; fileEncoding = 4; lastKnownFileType = sourcecode.glsl; path = YUVShader.fsh; sourceTree = "<group>"; };
		01BB9BAA1742936A00546196 /* YUVShader.vsh */ = {isa = PBXFileReference; fileEncoding = 4; lastKnownFileType = sourcecode.glsl; path = YUVShader.vsh; sourceTree = "<group>"; };
		01BB9BAF1742971E00546196 /* FetchResults.h */ = {isa = PBXFileReference; lastKnownFileType = sourcecode.c.h; path = FetchResults.h; sourceTree = "<group>"; };
		01BB9BB01742983B00546196 /* OpenGLES.framework */ = {isa = PBXFileReference; lastKnownFileType = wrapper.framework; name = OpenGLES.framework; path = System/Library/Frameworks/OpenGLES.framework; sourceTree = SDKROOT; };
		01BB9BB21742984E00546196 /* GLKit.framework */ = {isa = PBXFileReference; lastKnownFileType = wrapper.framework; name = GLKit.framework; path = System/Library/Frameworks/GLKit.framework; sourceTree = SDKROOT; };
		E004B73F171E06BA00B86D98 /* Accelerate.framework */ = {isa = PBXFileReference; lastKnownFileType = wrapper.framework; name = Accelerate.framework; path = System/Library/Frameworks/Accelerate.framework; sourceTree = SDKROOT; };
		E004B741171E06C200B86D98 /* AssetsLibrary.framework */ = {isa = PBXFileReference; lastKnownFileType = wrapper.framework; name = AssetsLibrary.framework; path = System/Library/Frameworks/AssetsLibrary.framework; sourceTree = SDKROOT; };
		E004B743171E06CA00B86D98 /* AVFoundation.framework */ = {isa = PBXFileReference; lastKnownFileType = wrapper.framework; name = AVFoundation.framework; path = System/Library/Frameworks/AVFoundation.framework; sourceTree = SDKROOT; };
		E004B745171E06DD00B86D98 /* CoreImage.framework */ = {isa = PBXFileReference; lastKnownFileType = wrapper.framework; name = CoreImage.framework; path = System/Library/Frameworks/CoreImage.framework; sourceTree = SDKROOT; };
		E004B747171E06E600B86D98 /* CoreMedia.framework */ = {isa = PBXFileReference; lastKnownFileType = wrapper.framework; name = CoreMedia.framework; path = System/Library/Frameworks/CoreMedia.framework; sourceTree = SDKROOT; };
		E004B749171E06F500B86D98 /* CoreVideo.framework */ = {isa = PBXFileReference; lastKnownFileType = wrapper.framework; name = CoreVideo.framework; path = System/Library/Frameworks/CoreVideo.framework; sourceTree = SDKROOT; };
		E004B74B171E070500B86D98 /* QuartzCore.framework */ = {isa = PBXFileReference; lastKnownFileType = wrapper.framework; name = QuartzCore.framework; path = System/Library/Frameworks/QuartzCore.framework; sourceTree = SDKROOT; };
		E004B751171EDFAC00B86D98 /* Shapes.h */ = {isa = PBXFileReference; lastKnownFileType = sourcecode.c.h; path = Shapes.h; sourceTree = "<group>"; };
		E004B752171EDFD400B86D98 /* Shapes.cpp */ = {isa = PBXFileReference; fileEncoding = 4; lastKnownFileType = sourcecode.cpp.cpp; path = Shapes.cpp; sourceTree = "<group>"; };
		E004B754171EE08000B86D98 /* ShapeFinder.h */ = {isa = PBXFileReference; lastKnownFileType = sourcecode.c.h; path = ShapeFinder.h; sourceTree = "<group>"; };
		E004B755171EE0BB00B86D98 /* ShapeFinder.cpp */ = {isa = PBXFileReference; fileEncoding = 4; lastKnownFileType = sourcecode.cpp.cpp; path = ShapeFinder.cpp; sourceTree = "<group>"; };
		E0145249171DB5E200B94A9A /* HelloOpenCViOS.app */ = {isa = PBXFileReference; explicitFileType = wrapper.application; includeInIndex = 0; path = HelloOpenCViOS.app; sourceTree = BUILT_PRODUCTS_DIR; };
		E014524C171DB5E200B94A9A /* UIKit.framework */ = {isa = PBXFileReference; lastKnownFileType = wrapper.framework; name = UIKit.framework; path = System/Library/Frameworks/UIKit.framework; sourceTree = SDKROOT; };
		E014524E171DB5E300B94A9A /* Foundation.framework */ = {isa = PBXFileReference; lastKnownFileType = wrapper.framework; name = Foundation.framework; path = System/Library/Frameworks/Foundation.framework; sourceTree = SDKROOT; };
		E0145250171DB5E300B94A9A /* CoreGraphics.framework */ = {isa = PBXFileReference; lastKnownFileType = wrapper.framework; name = CoreGraphics.framework; path = System/Library/Frameworks/CoreGraphics.framework; sourceTree = SDKROOT; };
		E0145254171DB5E300B94A9A /* HelloOpenCViOS-Info.plist */ = {isa = PBXFileReference; lastKnownFileType = text.plist.xml; path = "HelloOpenCViOS-Info.plist"; sourceTree = "<group>"; };
		E0145256171DB5E300B94A9A /* en */ = {isa = PBXFileReference; lastKnownFileType = text.plist.strings; name = en; path = en.lproj/InfoPlist.strings; sourceTree = "<group>"; };
		E0145258171DB5E300B94A9A /* main.m */ = {isa = PBXFileReference; lastKnownFileType = sourcecode.c.objc; path = main.m; sourceTree = "<group>"; };
		E014525A171DB5E300B94A9A /* HelloOpenCViOS-Prefix.pch */ = {isa = PBXFileReference; lastKnownFileType = sourcecode.c.h; path = "HelloOpenCViOS-Prefix.pch"; sourceTree = "<group>"; };
		E014525B171DB5E300B94A9A /* AppDelegate.h */ = {isa = PBXFileReference; lastKnownFileType = sourcecode.c.h; path = AppDelegate.h; sourceTree = "<group>"; };
		E014525C171DB5E300B94A9A /* AppDelegate.mm */ = {isa = PBXFileReference; lastKnownFileType = sourcecode.cpp.objcpp; path = AppDelegate.mm; sourceTree = "<group>"; };
		E014525E171DB5E300B94A9A /* Default.png */ = {isa = PBXFileReference; lastKnownFileType = image.png; path = Default.png; sourceTree = "<group>"; };
		E0145260171DB5E300B94A9A /* Default@2x.png */ = {isa = PBXFileReference; lastKnownFileType = image.png; path = "Default@2x.png"; sourceTree = "<group>"; };
		E0145262171DB5E300B94A9A /* Default-568h@2x.png */ = {isa = PBXFileReference; lastKnownFileType = image.png; path = "Default-568h@2x.png"; sourceTree = "<group>"; };
		E0145265171DB5E300B94A9A /* en */ = {isa = PBXFileReference; lastKnownFileType = file.storyboard; name = en; path = en.lproj/MainStoryboard_iPhone.storyboard; sourceTree = "<group>"; };
		E0145268171DB5E300B94A9A /* en */ = {isa = PBXFileReference; lastKnownFileType = file.storyboard; name = en; path = en.lproj/MainStoryboard_iPad.storyboard; sourceTree = "<group>"; };
		E014526A171DB5E300B94A9A /* ViewController.h */ = {isa = PBXFileReference; lastKnownFileType = sourcecode.c.h; path = ViewController.h; sourceTree = "<group>"; };
		E014526B171DB5E300B94A9A /* ViewController.mm */ = {isa = PBXFileReference; lastKnownFileType = sourcecode.cpp.objcpp; path = ViewController.mm; sourceTree = "<group>"; };
/* End PBXFileReference section */

/* Begin PBXFrameworksBuildPhase section */
		E0145246171DB5E200B94A9A /* Frameworks */ = {
			isa = PBXFrameworksBuildPhase;
			buildActionMask = 2147483647;
			files = (
				01BB9BB31742984E00546196 /* GLKit.framework in Frameworks */,
				01BB9BB11742983B00546196 /* OpenGLES.framework in Frameworks */,
				01A004021740FD2300E238A7 /* CoreMotion.framework in Frameworks */,
				01A003FA1740FA2300E238A7 /* CoreLocation.framework in Frameworks */,
				01A003DE1740F48B00E238A7 /* CoreData.framework in Frameworks */,
				019D0155172FFCB000C81701 /* ImageIO.framework in Frameworks */,
				E004B74C171E070500B86D98 /* QuartzCore.framework in Frameworks */,
				E004B74A171E06F500B86D98 /* CoreVideo.framework in Frameworks */,
				E004B748171E06E700B86D98 /* CoreMedia.framework in Frameworks */,
				E004B746171E06DD00B86D98 /* CoreImage.framework in Frameworks */,
				E0145251171DB5E300B94A9A /* CoreGraphics.framework in Frameworks */,
				E004B744171E06CA00B86D98 /* AVFoundation.framework in Frameworks */,
				E004B742171E06C200B86D98 /* AssetsLibrary.framework in Frameworks */,
				E004B740171E06BA00B86D98 /* Accelerate.framework in Frameworks */,
				E014524D171DB5E300B94A9A /* UIKit.framework in Frameworks */,
				E014524F171DB5E300B94A9A /* Foundation.framework in Frameworks */,
				01612E8D172EB89E0037F3F0 /* opencv2.framework in Frameworks */,
			);
			runOnlyForDeploymentPostprocessing = 0;
		};
/* End PBXFrameworksBuildPhase section */

/* Begin PBXGroup section */
		011D9BC3175DFE3B00CFD21F /* OpenGL Stuff */ = {
			isa = PBXGroup;
			children = (
				011D9BC4175DFE8400CFD21F /* Shaders.cpp */,
				011D9BC5175DFE8400CFD21F /* Shaders.h */,
			);
			path = "OpenGL Stuff";
			sourceTree = "<group>";
		};
		012E6EB517426A920098F2FF /* Resources */ = {
			isa = PBXGroup;
			children = (
				016FC99D1758BDAA000508AB /* Signs Collected */,
			);
			name = Resources;
			path = HelloOpenCViOS/Resources;
			sourceTree = "<group>";
		};
		012E6EC917426BA60098F2FF /* CoreData */ = {
			isa = PBXGroup;
			children = (
				012E6ECA17426BA60098F2FF /* CoreDataModule.h */,
				012E6ECB17426BA60098F2FF /* CoreDataModule.mm */,
				01BB9BAF1742971E00546196 /* FetchResults.h */,
			);
			path = CoreData;
			sourceTree = "<group>";
		};
		012E6ECC17426BA60098F2FF /* CoreLocation */ = {
			isa = PBXGroup;
			children = (
				012E6ECD17426BA60098F2FF /* CoreLocationModule.h */,
				012E6ECE17426BA60098F2FF /* CoreLocationModule.mm */,
			);
			path = CoreLocation;
			sourceTree = "<group>";
		};
		012E6ECF17426BA60098F2FF /* CoreMotion */ = {
			isa = PBXGroup;
			children = (
				012E6ED017426BA60098F2FF /* CoreMotionModule.h */,
				012E6ED117426BA60098F2FF /* CoreMotionModule.mm */,
			);
			path = CoreMotion;
			sourceTree = "<group>";
		};
		012E6ED217426BA60098F2FF /* Utilities */ = {
			isa = PBXGroup;
			children = (
				012E6ED317426BA60098F2FF /* FPS.cpp */,
				012E6ED417426BA60098F2FF /* FPS.h */,
				012E6ED517426BA60098F2FF /* Utilities.h */,
				012E6ED617426BA60098F2FF /* Utilities.mm */,
			);
			path = Utilities;
			sourceTree = "<group>";
		};
		012E6EDC17426C710098F2FF /* RoadSignsDataBase */ = {
			isa = PBXGroup;
			children = (
				012E6EDD17426C710098F2FF /* Action.h */,
				012E6EDE17426C710098F2FF /* Action.mm */,
				012E6EDF17426C710098F2FF /* Activity.h */,
				012E6EE017426C710098F2FF /* Activity.mm */,
				012E6EE117426C710098F2FF /* Location.h */,
				012E6EE217426C710098F2FF /* Location.mm */,
				012E6EE317426C710098F2FF /* RoadSign.h */,
				012E6EE417426C710098F2FF /* RoadSign.mm */,
				012E6EEF17426C820098F2FF /* RoadSignsCD.storedata */,
				016FC9971758BD31000508AB /* RoadSignsCD.xcdatamodeld */,
			);
			path = RoadSignsDataBase;
			sourceTree = SOURCE_ROOT;
		};
		01641107174BD3D90069DDD8 /* Grid */ = {
			isa = PBXGroup;
			children = (
				01641108174BD4F00069DDD8 /* Cell.h */,
				01641109174BD4F00069DDD8 /* Cell.mm */,
				015BBE34174BDB76007D9F33 /* Grid.h */,
				015BBE35174BDB76007D9F33 /* Grid.mm */,
			);
			path = Grid;
			sourceTree = "<group>";
		};
		016FC99D1758BDAA000508AB /* Signs Collected */ = {
			isa = PBXGroup;
			children = (
				015049651760A30E00D25A6A /* SimulatedLocations.GPX */,
				016FC99E1758BDAA000508AB /* Give way.png */,
				016FC99F1758BDAA000508AB /* No entry.png */,
				016FC9A01758BDAA000508AB /* Parking allowed.png */,
				016FC9A11758BDAA000508AB /* Pedestrian crossing.png */,
				016FC9A21758BDAA000508AB /* Roundabout.png */,
				016FC9A31758BDAA000508AB /* Selected Data from Oregon 300 (GARMIN).GPX */,
				016FC9A41758BDAA000508AB /* Signs Collected.rtfd */,
				016FC9A51758BDAA000508AB /* Turn right or left.png */,
				016FC9A61758BDAA000508AB /* Turn right.png */,
			);
			path = "Signs Collected";
			sourceTree = "<group>";
		};
		019D0150172FE89700C81701 /* Camera */ = {
			isa = PBXGroup;
			children = (
				01BB9BA91742936A00546196 /* YUVShader.fsh */,
				01BB9BAA1742936A00546196 /* YUVShader.vsh */,
				01A0040917412E6900E238A7 /* MyCamera.h */,
				01A0040A17412E6900E238A7 /* MyCamera.mm */,
			);
			path = Camera;
			sourceTree = "<group>";
		};
		E0145240171DB5E200B94A9A = {
			isa = PBXGroup;
			children = (
				010EBBDB17427A3100F8BE97 /* Readme.rtf */,
				012E6EF1174274600098F2FF /* TODO.rtf */,
				012E6EDC17426C710098F2FF /* RoadSignsDataBase */,
				E0145252171DB5E300B94A9A /* HelloOpenCViOS */,
				012E6EB517426A920098F2FF /* Resources */,
				E014524B171DB5E200B94A9A /* Frameworks */,
				E014524A171DB5E200B94A9A /* Products */,
			);
			sourceTree = "<group>";
		};
		E014524A171DB5E200B94A9A /* Products */ = {
			isa = PBXGroup;
			children = (
				E0145249171DB5E200B94A9A /* HelloOpenCViOS.app */,
			);
			name = Products;
			sourceTree = "<group>";
		};
		E014524B171DB5E200B94A9A /* Frameworks */ = {
			isa = PBXGroup;
			children = (
				01BB9BB21742984E00546196 /* GLKit.framework */,
				01BB9BB01742983B00546196 /* OpenGLES.framework */,
				01A004011740FD2300E238A7 /* CoreMotion.framework */,
				01A003F91740FA2300E238A7 /* CoreLocation.framework */,
				01A003DD1740F48B00E238A7 /* CoreData.framework */,
				019D0154172FFCB000C81701 /* ImageIO.framework */,
				E004B74B171E070500B86D98 /* QuartzCore.framework */,
				E004B749171E06F500B86D98 /* CoreVideo.framework */,
				E004B747171E06E600B86D98 /* CoreMedia.framework */,
				E004B745171E06DD00B86D98 /* CoreImage.framework */,
				E004B743171E06CA00B86D98 /* AVFoundation.framework */,
				E004B741171E06C200B86D98 /* AssetsLibrary.framework */,
				E004B73F171E06BA00B86D98 /* Accelerate.framework */,
				01612E8C172EB89E0037F3F0 /* opencv2.framework */,
				E014524C171DB5E200B94A9A /* UIKit.framework */,
				E014524E171DB5E300B94A9A /* Foundation.framework */,
				E0145250171DB5E300B94A9A /* CoreGraphics.framework */,
			);
			name = Frameworks;
			sourceTree = "<group>";
		};
		E0145252171DB5E300B94A9A /* HelloOpenCViOS */ = {
			isa = PBXGroup;
			children = (
				011D9BC3175DFE3B00CFD21F /* OpenGL Stuff */,
				01641107174BD3D90069DDD8 /* Grid */,
				019D0150172FE89700C81701 /* Camera */,
				012E6EC917426BA60098F2FF /* CoreData */,
				012E6ECC17426BA60098F2FF /* CoreLocation */,
				012E6ECF17426BA60098F2FF /* CoreMotion */,
				012E6ED217426BA60098F2FF /* Utilities */,
				01A00405174127CB00E238A7 /* PlaceOfInterest.h */,
				01A00406174127CB00E238A7 /* PlaceOfInterest.mm */,
				E004B755171EE0BB00B86D98 /* ShapeFinder.cpp */,
				E004B754171EE08000B86D98 /* ShapeFinder.h */,
				E004B751171EDFAC00B86D98 /* Shapes.h */,
				E004B752171EDFD400B86D98 /* Shapes.cpp */,
				E014525B171DB5E300B94A9A /* AppDelegate.h */,
				E014525C171DB5E300B94A9A /* AppDelegate.mm */,
				E0145264171DB5E300B94A9A /* MainStoryboard_iPhone.storyboard */,
				E0145267171DB5E300B94A9A /* MainStoryboard_iPad.storyboard */,
				E014526A171DB5E300B94A9A /* ViewController.h */,
				E014526B171DB5E300B94A9A /* ViewController.mm */,
				E0145253171DB5E300B94A9A /* Supporting Files */,
			);
			path = HelloOpenCViOS;
			sourceTree = "<group>";
		};
		E0145253171DB5E300B94A9A /* Supporting Files */ = {
			isa = PBXGroup;
			children = (
				E0145254171DB5E300B94A9A /* HelloOpenCViOS-Info.plist */,
				E0145255171DB5E300B94A9A /* InfoPlist.strings */,
				E0145258171DB5E300B94A9A /* main.m */,
				E014525A171DB5E300B94A9A /* HelloOpenCViOS-Prefix.pch */,
				E014525E171DB5E300B94A9A /* Default.png */,
				E0145260171DB5E300B94A9A /* Default@2x.png */,
				E0145262171DB5E300B94A9A /* Default-568h@2x.png */,
			);
			name = "Supporting Files";
			sourceTree = "<group>";
		};
/* End PBXGroup section */

/* Begin PBXNativeTarget section */
		E0145248171DB5E200B94A9A /* HelloOpenCViOS */ = {
			isa = PBXNativeTarget;
			buildConfigurationList = E014526F171DB5E300B94A9A /* Build configuration list for PBXNativeTarget "HelloOpenCViOS" */;
			buildPhases = (
				E0145245171DB5E200B94A9A /* Sources */,
				E0145246171DB5E200B94A9A /* Frameworks */,
				E0145247171DB5E200B94A9A /* Resources */,
			);
			buildRules = (
			);
			dependencies = (
			);
			name = HelloOpenCViOS;
			productName = HelloOpenCViOS;
			productReference = E0145249171DB5E200B94A9A /* HelloOpenCViOS.app */;
			productType = "com.apple.product-type.application";
		};
/* End PBXNativeTarget section */

/* Begin PBXProject section */
		E0145241171DB5E200B94A9A /* Project object */ = {
			isa = PBXProject;
			attributes = {
				LastUpgradeCheck = 0460;
				ORGANIZATIONNAME = FCT/UNL;
			};
			buildConfigurationList = E0145244171DB5E200B94A9A /* Build configuration list for PBXProject "HelloOpenCViOS" */;
			compatibilityVersion = "Xcode 3.2";
			developmentRegion = English;
			hasScannedForEncodings = 0;
			knownRegions = (
				en,
			);
			mainGroup = E0145240171DB5E200B94A9A;
			productRefGroup = E014524A171DB5E200B94A9A /* Products */;
			projectDirPath = "";
			projectRoot = "";
			targets = (
				E0145248171DB5E200B94A9A /* HelloOpenCViOS */,
			);
		};
/* End PBXProject section */

/* Begin PBXResourcesBuildPhase section */
		E0145247171DB5E200B94A9A /* Resources */ = {
			isa = PBXResourcesBuildPhase;
			buildActionMask = 2147483647;
			files = (
				E0145257171DB5E300B94A9A /* InfoPlist.strings in Resources */,
				01BB9BB417429C4100546196 /* YUVShader.fsh in Resources */,
				01BB9BB517429C4100546196 /* YUVShader.vsh in Resources */,
				E014525F171DB5E300B94A9A /* Default.png in Resources */,
				E0145261171DB5E300B94A9A /* Default@2x.png in Resources */,
				E0145263171DB5E300B94A9A /* Default-568h@2x.png in Resources */,
				E0145266171DB5E300B94A9A /* MainStoryboard_iPhone.storyboard in Resources */,
				E0145269171DB5E300B94A9A /* MainStoryboard_iPad.storyboard in Resources */,
				012E6EF017426C820098F2FF /* RoadSignsCD.storedata in Resources */,
				016FC9A71758BDAA000508AB /* Give way.png in Resources */,
				016FC9A81758BDAA000508AB /* No entry.png in Resources */,
				016FC9A91758BDAA000508AB /* Parking allowed.png in Resources */,
				016FC9AA1758BDAA000508AB /* Pedestrian crossing.png in Resources */,
				016FC9AB1758BDAA000508AB /* Roundabout.png in Resources */,
				016FC9AE1758BDAA000508AB /* Turn right or left.png in Resources */,
				016FC9AF1758BDAA000508AB /* Turn right.png in Resources */,
				015049661760A30E00D25A6A /* SimulatedLocations.GPX in Resources */,
			);
			runOnlyForDeploymentPostprocessing = 0;
		};
/* End PBXResourcesBuildPhase section */

/* Begin PBXSourcesBuildPhase section */
		E0145245171DB5E200B94A9A /* Sources */ = {
			isa = PBXSourcesBuildPhase;
			buildActionMask = 2147483647;
			files = (
				E0145259171DB5E300B94A9A /* main.m in Sources */,
				E014525D171DB5E300B94A9A /* AppDelegate.mm in Sources */,
				E014526C171DB5E300B94A9A /* ViewController.mm in Sources */,
				E004B753171EDFD400B86D98 /* Shapes.cpp in Sources */,
				E004B756171EE0BB00B86D98 /* ShapeFinder.cpp in Sources */,
				01A00408174127CB00E238A7 /* PlaceOfInterest.mm in Sources */,
				01A0040B17412E6900E238A7 /* MyCamera.mm in Sources */,
				012E6ED717426BA60098F2FF /* CoreDataModule.mm in Sources */,
				012E6ED817426BA60098F2FF /* CoreLocationModule.mm in Sources */,
				012E6ED917426BA60098F2FF /* CoreMotionModule.mm in Sources */,
				012E6EDA17426BA60098F2FF /* FPS.cpp in Sources */,
				012E6EDB17426BA60098F2FF /* Utilities.mm in Sources */,
				012E6EE917426C710098F2FF /* Action.mm in Sources */,
				012E6EEA17426C710098F2FF /* Activity.mm in Sources */,
				012E6EEB17426C710098F2FF /* Location.mm in Sources */,
				012E6EEC17426C710098F2FF /* RoadSign.mm in Sources */,
				0164110A174BD4F00069DDD8 /* Cell.mm in Sources */,
				015BBE36174BDB76007D9F33 /* Grid.mm in Sources */,
				016FC99C1758BD31000508AB /* RoadSignsCD.xcdatamodeld in Sources */,
				011D9BC6175DFE8400CFD21F /* Shaders.cpp in Sources */,
			);
			runOnlyForDeploymentPostprocessing = 0;
		};
/* End PBXSourcesBuildPhase section */

/* Begin PBXVariantGroup section */
		E0145255171DB5E300B94A9A /* InfoPlist.strings */ = {
			isa = PBXVariantGroup;
			children = (
				E0145256171DB5E300B94A9A /* en */,
			);
			name = InfoPlist.strings;
			sourceTree = "<group>";
		};
		E0145264171DB5E300B94A9A /* MainStoryboard_iPhone.storyboard */ = {
			isa = PBXVariantGroup;
			children = (
				E0145265171DB5E300B94A9A /* en */,
			);
			name = MainStoryboard_iPhone.storyboard;
			sourceTree = "<group>";
		};
		E0145267171DB5E300B94A9A /* MainStoryboard_iPad.storyboard */ = {
			isa = PBXVariantGroup;
			children = (
				E0145268171DB5E300B94A9A /* en */,
			);
			name = MainStoryboard_iPad.storyboard;
			sourceTree = "<group>";
		};
/* End PBXVariantGroup section */

/* Begin XCBuildConfiguration section */
		E014526D171DB5E300B94A9A /* Debug */ = {
			isa = XCBuildConfiguration;
			buildSettings = {
				ALWAYS_SEARCH_USER_PATHS = NO;
				CLANG_CXX_LANGUAGE_STANDARD = "gnu++0x";
				CLANG_CXX_LIBRARY = "libc++";
				CLANG_ENABLE_OBJC_ARC = YES;
				CLANG_WARN_CONSTANT_CONVERSION = YES;
				CLANG_WARN_EMPTY_BODY = YES;
				CLANG_WARN_ENUM_CONVERSION = YES;
				CLANG_WARN_INT_CONVERSION = YES;
				CLANG_WARN__DUPLICATE_METHOD_MATCH = YES;
				"CODE_SIGN_IDENTITY[sdk=iphoneos*]" = "iPhone Developer";
				COPY_PHASE_STRIP = NO;
				GCC_C_LANGUAGE_STANDARD = c99;
				GCC_DYNAMIC_NO_PIC = NO;
				GCC_OPTIMIZATION_LEVEL = 0;
				GCC_PREPROCESSOR_DEFINITIONS = (
					"DEBUG=1",
					"$(inherited)",
				);
				GCC_SYMBOLS_PRIVATE_EXTERN = NO;
				GCC_WARN_ABOUT_RETURN_TYPE = YES;
				GCC_WARN_UNINITIALIZED_AUTOS = YES;
				GCC_WARN_UNUSED_VARIABLE = YES;
				IPHONEOS_DEPLOYMENT_TARGET = 6.1;
				ONLY_ACTIVE_ARCH = YES;
				SDKROOT = iphoneos;
				TARGETED_DEVICE_FAMILY = "1,2";
			};
			name = Debug;
		};
		E014526E171DB5E300B94A9A /* Release */ = {
			isa = XCBuildConfiguration;
			buildSettings = {
				ALWAYS_SEARCH_USER_PATHS = NO;
				CLANG_CXX_LANGUAGE_STANDARD = "gnu++0x";
				CLANG_CXX_LIBRARY = "libc++";
				CLANG_ENABLE_OBJC_ARC = YES;
				CLANG_WARN_CONSTANT_CONVERSION = YES;
				CLANG_WARN_EMPTY_BODY = YES;
				CLANG_WARN_ENUM_CONVERSION = YES;
				CLANG_WARN_INT_CONVERSION = YES;
				CLANG_WARN__DUPLICATE_METHOD_MATCH = YES;
				"CODE_SIGN_IDENTITY[sdk=iphoneos*]" = "iPhone Developer";
				COPY_PHASE_STRIP = YES;
				GCC_C_LANGUAGE_STANDARD = c99;
				GCC_WARN_ABOUT_RETURN_TYPE = YES;
				GCC_WARN_UNINITIALIZED_AUTOS = YES;
				GCC_WARN_UNUSED_VARIABLE = YES;
				IPHONEOS_DEPLOYMENT_TARGET = 6.1;
				OTHER_CFLAGS = "-DNS_BLOCK_ASSERTIONS=1";
				SDKROOT = iphoneos;
				TARGETED_DEVICE_FAMILY = "1,2";
				VALIDATE_PRODUCT = YES;
			};
			name = Release;
		};
		E0145270171DB5E300B94A9A /* Debug */ = {
			isa = XCBuildConfiguration;
			buildSettings = {
				CLANG_CXX_LANGUAGE_STANDARD = "gnu++0x";
				CODE_SIGN_IDENTITY = "iPhone Developer: David Furió (GQLKKAF7AB)";
				FRAMEWORK_SEARCH_PATHS = (
					"$(inherited)",
					"\"$(SRCROOT)/../OpenCV\"",
				);
				GCC_C_LANGUAGE_STANDARD = gnu11;
				GCC_PRECOMPILE_PREFIX_HEADER = YES;
				GCC_PREFIX_HEADER = "HelloOpenCViOS/HelloOpenCViOS-Prefix.pch";
				GCC_PREPROCESSOR_DEFINITIONS = "$(inherited)";
				INFOPLIST_FILE = "HelloOpenCViOS/HelloOpenCViOS-Info.plist";
				OTHER_CFLAGS = "";
				OTHER_CPLUSPLUSFLAGS = "$(OTHER_CFLAGS)";
				PRODUCT_NAME = "$(TARGET_NAME)";
				PROVISIONING_PROFILE = "92F1AC40-FB63-42BE-83FF-74A596C2154D";
				WRAPPER_EXTENSION = app;
			};
			name = Debug;
		};
		E0145271171DB5E300B94A9A /* Release */ = {
			isa = XCBuildConfiguration;
			buildSettings = {
				CLANG_CXX_LANGUAGE_STANDARD = "gnu++0x";
				CODE_SIGN_IDENTITY = "iPhone Developer: David Furió (GQLKKAF7AB)";
				FRAMEWORK_SEARCH_PATHS = (
					"$(inherited)",
					"\"$(SRCROOT)/../OpenCV\"",
				);
				GCC_C_LANGUAGE_STANDARD = gnu11;
				GCC_OPTIMIZATION_LEVEL = 3;
				GCC_PRECOMPILE_PREFIX_HEADER = YES;
				GCC_PREFIX_HEADER = "HelloOpenCViOS/HelloOpenCViOS-Prefix.pch";
				GCC_PREPROCESSOR_DEFINITIONS = "";
				INFOPLIST_FILE = "HelloOpenCViOS/HelloOpenCViOS-Info.plist";
				OTHER_CFLAGS = "-DNS_BLOCK_ASSERTIONS=1";
				OTHER_CPLUSPLUSFLAGS = "$(OTHER_CFLAGS)";
				PRODUCT_NAME = "$(TARGET_NAME)";
				PROVISIONING_PROFILE = "92F1AC40-FB63-42BE-83FF-74A596C2154D";
				WRAPPER_EXTENSION = app;
			};
			name = Release;
		};
/* End XCBuildConfiguration section */

/* Begin XCConfigurationList section */
		E0145244171DB5E200B94A9A /* Build configuration list for PBXProject "HelloOpenCViOS" */ = {
			isa = XCConfigurationList;
			buildConfigurations = (
				E014526D171DB5E300B94A9A /* Debug */,
				E014526E171DB5E300B94A9A /* Release */,
			);
			defaultConfigurationIsVisible = 0;
			defaultConfigurationName = Release;
		};
		E014526F171DB5E300B94A9A /* Build configuration list for PBXNativeTarget "HelloOpenCViOS" */ = {
			isa = XCConfigurationList;
			buildConfigurations = (
				E0145270171DB5E300B94A9A /* Debug */,
				E0145271171DB5E300B94A9A /* Release */,
			);
			defaultConfigurationIsVisible = 0;
			defaultConfigurationName = Release;
		};
/* End XCConfigurationList section */

/* Begin XCVersionGroup section */
		016FC9971758BD31000508AB /* RoadSignsCD.xcdatamodeld */ = {
			isa = XCVersionGroup;
			children = (
				016FC9981758BD31000508AB /* RoadSignsCD 2.xcdatamodel */,
				016FC9991758BD31000508AB /* RoadSignsCD 3.xcdatamodel */,
				016FC99A1758BD31000508AB /* RoadSignsCD 4.xcdatamodel */,
				016FC99B1758BD31000508AB /* RoadSignsCD.xcdatamodel */,
			);
			currentVersion = 016FC99A1758BD31000508AB /* RoadSignsCD 4.xcdatamodel */;
			path = RoadSignsCD.xcdatamodeld;
			sourceTree = "<group>";
			versionGroupType = wrapper.xcdatamodel;
		};
/* End XCVersionGroup section */
	};
	rootObject = E0145241171DB5E200B94A9A /* Project object */;
}
